
Microsoft Visual Studio Solution File, Format Version 12.00
# Visual Studio Version 17
VisualStudioVersion = 17.5.33318.248
MinimumVisualStudioVersion = 10.0.40219.1
Project("{FAE04EC0-301F-11D3-BF4B-00C04F79EFBC}") = "Platform", "Platform\Platform.csproj", "{F4583FD6-C7C5-4B08-AE92-F68B4320AF99}"
EndProject
Global
	GlobalSection(SolutionConfigurationPlatforms) = preSolution
		Debug|Any CPU = Debug|Any CPU
		Release|Any CPU = Release|Any CPU
	EndGlobalSection
	GlobalSection(ProjectConfigurationPlatforms) = postSolution
		{F4583FD6-C7C5-4B08-AE92-F68B4320AF99}.Debug|Any CPU.ActiveCfg = Debug|Any CPU
		{F4583FD6-C7C5-4B08-AE92-F68B4320AF99}.Debug|Any CPU.Build.0 = Debug|Any CPU
		{F4583FD6-C7C5-4B08-AE92-F68B4320AF99}.Release|Any CPU.ActiveCfg = Release|Any CPU
		{F4583FD6-C7C5-4B08-AE92-F68B4320AF99}.Release|Any CPU.Build.0 = Release|Any CPU
	EndGlobalSection
	GlobalSection(SolutionProperties) = preSolution
		HideSolutionNode = FALSE
	EndGlobalSection
	GlobalSection(ExtensibilityGlobals) = postSolution
		SolutionGuid = {82D2E868-FA50-4BF6-B25C-DE5916981BCD}
	EndGlobalSection
EndGlobal
